PODS:
  - Flutter (1.0.0)
  - flutter_ffmpeg (0.3.1):
    - Flutter
    - flutter_ffmpeg/https (= 0.3.1)
  - flutter_ffmpeg/https (0.3.1):
    - Flutter
    - mobile-ffmpeg-https (= 4.4)
  - image_picker (0.0.1):
    - Flutter
  - mobile-ffmpeg-https (4.4)
  - path_provider (0.0.1):
    - Flutter

DEPENDENCIES:
  - Flutter (from `Flutter`)
  - flutter_ffmpeg (from `.symlinks/plugins/flutter_ffmpeg/ios`)
  - image_picker (from `.symlinks/plugins/image_picker/ios`)
  - path_provider (from `.symlinks/plugins/path_provider/ios`)

SPEC REPOS:
  trunk:
    - mobile-ffmpeg-https

EXTERNAL SOURCES:
  Flutter:
    :path: Flutter
  flutter_ffmpeg:
    :path: ".symlinks/plugins/flutter_ffmpeg/ios"
  image_picker:
    :path: ".symlinks/plugins/image_picker/ios"
  path_provider:
    :path: ".symlinks/plugins/path_provider/ios"

SPEC CHECKSUMS:
  Flutter: 434fef37c0980e73bb6479ef766c45957d4b510c
  flutter_ffmpeg: 582ed04161233e3955540e32e79fd30bcbec272d
  image_picker: 9c3312491f862b28d21ecd8fdf0ee14e601b3f09
  mobile-ffmpeg-https: 311fc4a8f671cf36d1d6b8f421e8246b790978d9
  path_provider: abfe2b5c733d04e238b0d8691db0cfd63a27a93c

PODFILE CHECKSUM: 9287d4b4142836e23d639c6a82509c400a83587d

COCOAPODS: 1.10.1
